
Microsoft Visual Studio Solution File, Format Version 12.00
# Visual Studio Version 17
VisualStudioVersion = 17.5.002.0
MinimumVisualStudioVersion = 10.0.40219.1
Project("{2150E333-8FDC-42A3-9474-1A3956D46DE8}") = "sandbox", "sandbox", "{C4B6804B-C9C8-4CA4-89A9-A5A5D262D963}"
EndProject
Project("{9A19103F-16F7-4668-BE54-9A1E7A4F7556}") = "sandbox_project", "sandbox\sandbox_project\sandbox_project.csproj", "{426FF9CB-52C8-4B98-8468-0E0C0C4E09AF}"
EndProject
Project("{2150E333-8FDC-42A3-9474-1A3956D46DE8}") = "week01", "week01", "{7B08DF53-3167-457C-8927-947F2B22EA64}"
EndProject
Project("{9A19103F-16F7-4668-BE54-9A1E7A4F7556}") = "analyze", "week01\analyze\analyze.csproj", "{7FA0890E-DDA9-4039-AC25-F5AE6F9124D0}"
EndProject
Project("{9A19103F-16F7-4668-BE54-9A1E7A4F7556}") = "code", "week01\code\code.csproj", "{B3A6A613-C3D3-41C5-B905-88CA1F186801}"
EndProject
Project("{9A19103F-16F7-4668-BE54-9A1E7A4F7556}") = "teach", "week01\teach\teach.csproj", "{8F7B4DA4-B51F-41A1-AB9D-077B08995816}"
EndProject
Project("{2150E333-8FDC-42A3-9474-1A3956D46DE8}") = "week02", "week02", "{D43E77AA-7112-4C9A-914A-9B21C444DC02}"
EndProject
Project("{9A19103F-16F7-4668-BE54-9A1E7A4F7556}") = "analyze", "week02\analyze\analyze.csproj", "{CF711D12-59AD-4C5B-B541-04FA1603DF7B}"
EndProject
Project("{9A19103F-16F7-4668-BE54-9A1E7A4F7556}") = "code", "week02\code\code.csproj", "{FA317387-92DB-4B81-BB03-C148CEAAC811}"
EndProject
Project("{9A19103F-16F7-4668-BE54-9A1E7A4F7556}") = "learn", "week02\learn\learn.csproj", "{7246BC04-208C-4CD2-8A6C-5B7A22947046}"
EndProject
Project("{9A19103F-16F7-4668-BE54-9A1E7A4F7556}") = "teach", "week02\teach\teach.csproj", "{E718BD0C-41E0-4189-816A-D608A3A486C4}"
EndProject
Project("{2150E333-8FDC-42A3-9474-1A3956D46DE8}") = "week03", "week03", "{F8691B51-2248-4B52-ABBF-41BE2259BCCB}"
EndProject
Project("{9A19103F-16F7-4668-BE54-9A1E7A4F7556}") = "code", "week03\code\code.csproj", "{E70C0FEE-0E9F-40F4-9272-FC6C1387D80D}"
EndProject
Project("{9A19103F-16F7-4668-BE54-9A1E7A4F7556}") = "learn", "week03\learn\learn.csproj", "{D691EB78-EDA9-4263-89D6-D68824C1686F}"
EndProject
Project("{9A19103F-16F7-4668-BE54-9A1E7A4F7556}") = "teach", "week03\teach\teach.csproj", "{416E9DE0-D26C-4655-AD49-992866F13E0C}"
EndProject
Project("{2150E333-8FDC-42A3-9474-1A3956D46DE8}") = "week04", "week04", "{6C9C7AA7-BD6E-4EF6-8AEA-74691E581EF7}"
EndProject
Project("{9A19103F-16F7-4668-BE54-9A1E7A4F7556}") = "code", "week04\code\code.csproj", "{EE110692-8D97-4692-AC9E-5DA88BE9F521}"
EndProject
Project("{2150E333-8FDC-42A3-9474-1A3956D46DE8}") = "week05", "week05", "{3054B416-25ED-4F61-8F9D-99C7354B8A8C}"
EndProject
Project("{9A19103F-16F7-4668-BE54-9A1E7A4F7556}") = "code", "week05\code\code.csproj", "{7BD1FFB4-B6F6-4EDF-97F2-2238743D8DB3}"
EndProject
Project("{2150E333-8FDC-42A3-9474-1A3956D46DE8}") = "week06", "week06", "{340FFE7E-182E-405D-BAE9-D026586751BB}"
EndProject
Project("{9A19103F-16F7-4668-BE54-9A1E7A4F7556}") = "code", "week06\code\code.csproj", "{7C41D667-7C55-4EB5-848B-C1092B1A1A40}"
EndProject
Global
	GlobalSection(SolutionConfigurationPlatforms) = preSolution
		Debug|Any CPU = Debug|Any CPU
		Release|Any CPU = Release|Any CPU
	EndGlobalSection
	GlobalSection(ProjectConfigurationPlatforms) = postSolution
		{426FF9CB-52C8-4B98-8468-0E0C0C4E09AF}.Debug|Any CPU.ActiveCfg = Debug|Any CPU
		{426FF9CB-52C8-4B98-8468-0E0C0C4E09AF}.Debug|Any CPU.Build.0 = Debug|Any CPU
		{426FF9CB-52C8-4B98-8468-0E0C0C4E09AF}.Release|Any CPU.ActiveCfg = Release|Any CPU
		{426FF9CB-52C8-4B98-8468-0E0C0C4E09AF}.Release|Any CPU.Build.0 = Release|Any CPU
		{7FA0890E-DDA9-4039-AC25-F5AE6F9124D0}.Debug|Any CPU.ActiveCfg = Debug|Any CPU
		{7FA0890E-DDA9-4039-AC25-F5AE6F9124D0}.Debug|Any CPU.Build.0 = Debug|Any CPU
		{7FA0890E-DDA9-4039-AC25-F5AE6F9124D0}.Release|Any CPU.ActiveCfg = Release|Any CPU
		{7FA0890E-DDA9-4039-AC25-F5AE6F9124D0}.Release|Any CPU.Build.0 = Release|Any CPU
		{B3A6A613-C3D3-41C5-B905-88CA1F186801}.Debug|Any CPU.ActiveCfg = Debug|Any CPU
		{B3A6A613-C3D3-41C5-B905-88CA1F186801}.Debug|Any CPU.Build.0 = Debug|Any CPU
		{B3A6A613-C3D3-41C5-B905-88CA1F186801}.Release|Any CPU.ActiveCfg = Release|Any CPU
		{B3A6A613-C3D3-41C5-B905-88CA1F186801}.Release|Any CPU.Build.0 = Release|Any CPU
		{8F7B4DA4-B51F-41A1-AB9D-077B08995816}.Debug|Any CPU.ActiveCfg = Debug|Any CPU
		{8F7B4DA4-B51F-41A1-AB9D-077B08995816}.Debug|Any CPU.Build.0 = Debug|Any CPU
		{8F7B4DA4-B51F-41A1-AB9D-077B08995816}.Release|Any CPU.ActiveCfg = Release|Any CPU
		{8F7B4DA4-B51F-41A1-AB9D-077B08995816}.Release|Any CPU.Build.0 = Release|Any CPU
		{CF711D12-59AD-4C5B-B541-04FA1603DF7B}.Debug|Any CPU.ActiveCfg = Debug|Any CPU
		{CF711D12-59AD-4C5B-B541-04FA1603DF7B}.Debug|Any CPU.Build.0 = Debug|Any CPU
		{CF711D12-59AD-4C5B-B541-04FA1603DF7B}.Release|Any CPU.ActiveCfg = Release|Any CPU
		{CF711D12-59AD-4C5B-B541-04FA1603DF7B}.Release|Any CPU.Build.0 = Release|Any CPU
		{FA317387-92DB-4B81-BB03-C148CEAAC811}.Debug|Any CPU.ActiveCfg = Debug|Any CPU
		{FA317387-92DB-4B81-BB03-C148CEAAC811}.Debug|Any CPU.Build.0 = Debug|Any CPU
		{FA317387-92DB-4B81-BB03-C148CEAAC811}.Release|Any CPU.ActiveCfg = Release|Any CPU
		{FA317387-92DB-4B81-BB03-C148CEAAC811}.Release|Any CPU.Build.0 = Release|Any CPU
		{7246BC04-208C-4CD2-8A6C-5B7A22947046}.Debug|Any CPU.ActiveCfg = Debug|Any CPU
		{7246BC04-208C-4CD2-8A6C-5B7A22947046}.Debug|Any CPU.Build.0 = Debug|Any CPU
		{7246BC04-208C-4CD2-8A6C-5B7A22947046}.Release|Any CPU.ActiveCfg = Release|Any CPU
		{7246BC04-208C-4CD2-8A6C-5B7A22947046}.Release|Any CPU.Build.0 = Release|Any CPU
		{E718BD0C-41E0-4189-816A-D608A3A486C4}.Debug|Any CPU.ActiveCfg = Debug|Any CPU
		{E718BD0C-41E0-4189-816A-D608A3A486C4}.Debug|Any CPU.Build.0 = Debug|Any CPU
		{E718BD0C-41E0-4189-816A-D608A3A486C4}.Release|Any CPU.ActiveCfg = Release|Any CPU
		{E718BD0C-41E0-4189-816A-D608A3A486C4}.Release|Any CPU.Build.0 = Release|Any CPU
		{E70C0FEE-0E9F-40F4-9272-FC6C1387D80D}.Debug|Any CPU.ActiveCfg = Debug|Any CPU
		{E70C0FEE-0E9F-40F4-9272-FC6C1387D80D}.Debug|Any CPU.Build.0 = Debug|Any CPU
		{E70C0FEE-0E9F-40F4-9272-FC6C1387D80D}.Release|Any CPU.ActiveCfg = Release|Any CPU
		{E70C0FEE-0E9F-40F4-9272-FC6C1387D80D}.Release|Any CPU.Build.0 = Release|Any CPU
		{D691EB78-EDA9-4263-89D6-D68824C1686F}.Debug|Any CPU.ActiveCfg = Debug|Any CPU
		{D691EB78-EDA9-4263-89D6-D68824C1686F}.Debug|Any CPU.Build.0 = Debug|Any CPU
		{D691EB78-EDA9-4263-89D6-D68824C1686F}.Release|Any CPU.ActiveCfg = Release|Any CPU
		{D691EB78-EDA9-4263-89D6-D68824C1686F}.Release|Any CPU.Build.0 = Release|Any CPU
		{416E9DE0-D26C-4655-AD49-992866F13E0C}.Debug|Any CPU.ActiveCfg = Debug|Any CPU
		{416E9DE0-D26C-4655-AD49-992866F13E0C}.Debug|Any CPU.Build.0 = Debug|Any CPU
		{416E9DE0-D26C-4655-AD49-992866F13E0C}.Release|Any CPU.ActiveCfg = Release|Any CPU
		{416E9DE0-D26C-4655-AD49-992866F13E0C}.Release|Any CPU.Build.0 = Release|Any CPU
		{EE110692-8D97-4692-AC9E-5DA88BE9F521}.Debug|Any CPU.ActiveCfg = Debug|Any CPU
		{EE110692-8D97-4692-AC9E-5DA88BE9F521}.Debug|Any CPU.Build.0 = Debug|Any CPU
		{EE110692-8D97-4692-AC9E-5DA88BE9F521}.Release|Any CPU.ActiveCfg = Release|Any CPU
		{EE110692-8D97-4692-AC9E-5DA88BE9F521}.Release|Any CPU.Build.0 = Release|Any CPU
		{7BD1FFB4-B6F6-4EDF-97F2-2238743D8DB3}.Debug|Any CPU.ActiveCfg = Debug|Any CPU
		{7BD1FFB4-B6F6-4EDF-97F2-2238743D8DB3}.Debug|Any CPU.Build.0 = Debug|Any CPU
		{7BD1FFB4-B6F6-4EDF-97F2-2238743D8DB3}.Release|Any CPU.ActiveCfg = Release|Any CPU
		{7BD1FFB4-B6F6-4EDF-97F2-2238743D8DB3}.Release|Any CPU.Build.0 = Release|Any CPU
		{7C41D667-7C55-4EB5-848B-C1092B1A1A40}.Debug|Any CPU.ActiveCfg = Debug|Any CPU
		{7C41D667-7C55-4EB5-848B-C1092B1A1A40}.Debug|Any CPU.Build.0 = Debug|Any CPU
		{7C41D667-7C55-4EB5-848B-C1092B1A1A40}.Release|Any CPU.ActiveCfg = Release|Any CPU
		{7C41D667-7C55-4EB5-848B-C1092B1A1A40}.Release|Any CPU.Build.0 = Release|Any CPU
	EndGlobalSection
	GlobalSection(SolutionProperties) = preSolution
		HideSolutionNode = FALSE
	EndGlobalSection
	GlobalSection(NestedProjects) = preSolution
		{426FF9CB-52C8-4B98-8468-0E0C0C4E09AF} = {C4B6804B-C9C8-4CA4-89A9-A5A5D262D963}
		{7FA0890E-DDA9-4039-AC25-F5AE6F9124D0} = {7B08DF53-3167-457C-8927-947F2B22EA64}
		{B3A6A613-C3D3-41C5-B905-88CA1F186801} = {7B08DF53-3167-457C-8927-947F2B22EA64}
		{8F7B4DA4-B51F-41A1-AB9D-077B08995816} = {7B08DF53-3167-457C-8927-947F2B22EA64}
		{CF711D12-59AD-4C5B-B541-04FA1603DF7B} = {D43E77AA-7112-4C9A-914A-9B21C444DC02}
		{FA317387-92DB-4B81-BB03-C148CEAAC811} = {D43E77AA-7112-4C9A-914A-9B21C444DC02}
		{7246BC04-208C-4CD2-8A6C-5B7A22947046} = {D43E77AA-7112-4C9A-914A-9B21C444DC02}
		{E718BD0C-41E0-4189-816A-D608A3A486C4} = {D43E77AA-7112-4C9A-914A-9B21C444DC02}
		{E70C0FEE-0E9F-40F4-9272-FC6C1387D80D} = {F8691B51-2248-4B52-ABBF-41BE2259BCCB}
		{D691EB78-EDA9-4263-89D6-D68824C1686F} = {F8691B51-2248-4B52-ABBF-41BE2259BCCB}
		{416E9DE0-D26C-4655-AD49-992866F13E0C} = {F8691B51-2248-4B52-ABBF-41BE2259BCCB}
		{EE110692-8D97-4692-AC9E-5DA88BE9F521} = {6C9C7AA7-BD6E-4EF6-8AEA-74691E581EF7}
		{7BD1FFB4-B6F6-4EDF-97F2-2238743D8DB3} = {3054B416-25ED-4F61-8F9D-99C7354B8A8C}
		{7C41D667-7C55-4EB5-848B-C1092B1A1A40} = {340FFE7E-182E-405D-BAE9-D026586751BB}
	EndGlobalSection
	GlobalSection(ExtensibilityGlobals) = postSolution
		SolutionGuid = {D4FF103E-A04C-4687-A834-9BB94565F217}
	EndGlobalSection
EndGlobal
